
Microsoft Visual Studio Solution File, Format Version 12.00
# Visual Studio Version 17
VisualStudioVersion = 17.4.33403.182
MinimumVisualStudioVersion = 10.0.40219.1
Project("{8BC9CEB8-8B4A-11D0-8D11-00A0C91BC942}") = "P_15", "P_15.vcxproj", "{EA19495C-7D99-4141-9269-3583B8E64919}"
EndProject
Global
	GlobalSection(SolutionConfigurationPlatforms) = preSolution
		Debug|x64 = Debug|x64
		Debug|x86 = Debug|x86
		Release|x64 = Release|x64
		Release|x86 = Release|x86
	EndGlobalSection
	GlobalSection(ProjectConfigurationPlatforms) = postSolution
		{EA19495C-7D99-4141-9269-3583B8E64919}.Debug|x64.ActiveCfg = Debug|x64
		{EA19495C-7D99-4141-9269-3583B8E64919}.Debug|x64.Build.0 = Debug|x64
		{EA19495C-7D99-4141-9269-3583B8E64919}.Debug|x86.ActiveCfg = Debug|Win32
		{EA19495C-7D99-4141-9269-3583B8E64919}.Debug|x86.Build.0 = Debug|Win32
		{EA19495C-7D99-4141-9269-3583B8E64919}.Release|x64.ActiveCfg = Release|x64
		{EA19495C-7D99-4141-9269-3583B8E64919}.Release|x64.Build.0 = Release|x64
		{EA19495C-7D99-4141-9269-3583B8E64919}.Release|x86.ActiveCfg = Release|Win32
		{EA19495C-7D99-4141-9269-3583B8E64919}.Release|x86.Build.0 = Release|Win32
	EndGlobalSection
	GlobalSection(SolutionProperties) = preSolution
		HideSolutionNode = FALSE
	EndGlobalSection
	GlobalSection(ExtensibilityGlobals) = postSolution
		SolutionGuid = {4DB65147-998A-463E-B283-4A3157479FE2}
	EndGlobalSection
EndGlobal
